
Microsoft Visual Studio Solution File, Format Version 12.00
# Visual Studio Version 16
VisualStudioVersion = 16.0.30907.101
MinimumVisualStudioVersion = 10.0.40219.1
Project("{FAE04EC0-301F-11D3-BF4B-00C04F79EFBC}") = "SqlBenz", "SqlBenz\SqlBenz.csproj", "{461067B5-9D60-4D92-B070-B3D88D350FB1}"
EndProject
Global
	GlobalSection(SolutionConfigurationPlatforms) = preSolution
		Debug|Any CPU = Debug|Any CPU
		Release|Any CPU = Release|Any CPU
	EndGlobalSection
	GlobalSection(ProjectConfigurationPlatforms) = postSolution
		{461067B5-9D60-4D92-B070-B3D88D350FB1}.Debug|Any CPU.ActiveCfg = Debug|Any CPU
		{461067B5-9D60-4D92-B070-B3D88D350FB1}.Debug|Any CPU.Build.0 = Debug|Any CPU
		{461067B5-9D60-4D92-B070-B3D88D350FB1}.Release|Any CPU.ActiveCfg = Release|Any CPU
		{461067B5-9D60-4D92-B070-B3D88D350FB1}.Release|Any CPU.Build.0 = Release|Any CPU
	EndGlobalSection
	GlobalSection(SolutionProperties) = preSolution
		HideSolutionNode = FALSE
	EndGlobalSection
	GlobalSection(ExtensibilityGlobals) = postSolution
		SolutionGuid = {A9C24551-F737-4140-A619-37384D14725C}
	EndGlobalSection
EndGlobal
